// !$*UTF8*$!
{
	archiveVersion = 1;
	classes = {
	};
	objectVersion = 56;
	objects = {

/* Begin PBXBuildFile section */
		E102BC002BA5AE970099CD3F /* NotificationCenter+Extension.swift in Sources */ = {isa = PBXBuildFile; fileRef = E102BBFF2BA5AE970099CD3F /* NotificationCenter+Extension.swift */; };
		E102BC022BA5B58B0099CD3F /* DessertsDetailVC.swift in Sources */ = {isa = PBXBuildFile; fileRef = E102BC012BA5B58B0099CD3F /* DessertsDetailVC.swift */; };
		E102BC042BA5B8970099CD3F /* DessertsDetailViewModel.swift in Sources */ = {isa = PBXBuildFile; fileRef = E102BC032BA5B8970099CD3F /* DessertsDetailViewModel.swift */; };
		E10385D62BA0836A00F6DA25 /* CountryDetailVC.swift in Sources */ = {isa = PBXBuildFile; fileRef = E10385D52BA0836A00F6DA25 /* CountryDetailVC.swift */; };
		E10385D82BA0898400F6DA25 /* CountryDetailViewModel.swift in Sources */ = {isa = PBXBuildFile; fileRef = E10385D72BA0898400F6DA25 /* CountryDetailViewModel.swift */; };
		E13E85992B9334850099CEF0 /* NetworkManager.swift in Sources */ = {isa = PBXBuildFile; fileRef = E13E85982B9334850099CEF0 /* NetworkManager.swift */; };
		E13E859B2B93390C0099CEF0 /* Model.swift in Sources */ = {isa = PBXBuildFile; fileRef = E13E859A2B93390C0099CEF0 /* Model.swift */; };
		E13E859E2B933C650099CEF0 /* Alamofire in Frameworks */ = {isa = PBXBuildFile; productRef = E13E859D2B933C650099CEF0 /* Alamofire */; };
		E13E85A02B933DE10099CEF0 /* APIEndpoint.swift in Sources */ = {isa = PBXBuildFile; fileRef = E13E859F2B933DE10099CEF0 /* APIEndpoint.swift */; };
		E13E85A22B9342D00099CEF0 /* HomeViewModel.swift in Sources */ = {isa = PBXBuildFile; fileRef = E13E85A12B9342D00099CEF0 /* HomeViewModel.swift */; };
		E13E85A72B9361100099CEF0 /* CountryCollectionViewCell.swift in Sources */ = {isa = PBXBuildFile; fileRef = E13E85A62B9361100099CEF0 /* CountryCollectionViewCell.swift */; };
		E160424F2B8F591F007C10D2 /* AuthManager.swift in Sources */ = {isa = PBXBuildFile; fileRef = E160424E2B8F591F007C10D2 /* AuthManager.swift */; };
		E16042512B8F8214007C10D2 /* LoginViewModel.swift in Sources */ = {isa = PBXBuildFile; fileRef = E16042502B8F8214007C10D2 /* LoginViewModel.swift */; };
		E16478332B8CE8160013BD39 /* FirebaseAuth in Frameworks */ = {isa = PBXBuildFile; productRef = E16478322B8CE8160013BD39 /* FirebaseAuth */; };
		E16478352B8CEAC60013BD39 /* RegisterViewModel.swift in Sources */ = {isa = PBXBuildFile; fileRef = E16478342B8CEAC60013BD39 /* RegisterViewModel.swift */; };
		E16478372B8CEDDE0013BD39 /* SpinnerView.swift in Sources */ = {isa = PBXBuildFile; fileRef = E16478362B8CEDDE0013BD39 /* SpinnerView.swift */; };
		E16478392B8CF0480013BD39 /* UIViewController+Extension.swift in Sources */ = {isa = PBXBuildFile; fileRef = E16478382B8CF0480013BD39 /* UIViewController+Extension.swift */; };
		E1677F4F2BA1F14A007ED8B5 /* CountryDetailTableViewCell.swift in Sources */ = {isa = PBXBuildFile; fileRef = E1677F4E2BA1F14A007ED8B5 /* CountryDetailTableViewCell.swift */; };
		E1677F512BA1FDFA007ED8B5 /* CategoryDetailVC.swift in Sources */ = {isa = PBXBuildFile; fileRef = E1677F502BA1FDFA007ED8B5 /* CategoryDetailVC.swift */; };
		E17744FF2BA87D6400C72050 /* CountryDetailCollectionViewCell.swift in Sources */ = {isa = PBXBuildFile; fileRef = E17744FE2BA87D6400C72050 /* CountryDetailCollectionViewCell.swift */; };
		E18258852B8CE269006A784D /* GoogleService-Info.plist in Resources */ = {isa = PBXBuildFile; fileRef = E18258842B8CE269006A784D /* GoogleService-Info.plist */; };
		E1BDD0D12B9F5CD100C7678B /* ImageLoader.swift in Sources */ = {isa = PBXBuildFile; fileRef = E1BDD0D02B9F5CD100C7678B /* ImageLoader.swift */; };
		E1C32C8E2BA37523005483BF /* UILabel+Extension.swift in Sources */ = {isa = PBXBuildFile; fileRef = E1C32C8D2BA37523005483BF /* UILabel+Extension.swift */; };
		E1D9750E2B94A0BF009AACD9 /* CategoriesCollectionViewCell.swift in Sources */ = {isa = PBXBuildFile; fileRef = E1D9750D2B94A0BF009AACD9 /* CategoriesCollectionViewCell.swift */; };
		E1D975122B94A0FE009AACD9 /* DessertCollectionViewCell.swift in Sources */ = {isa = PBXBuildFile; fileRef = E1D975112B94A0FE009AACD9 /* DessertCollectionViewCell.swift */; };
		E1E5D0772B8A177500B0B5B3 /* AppDelegate.swift in Sources */ = {isa = PBXBuildFile; fileRef = E1E5D0762B8A177500B0B5B3 /* AppDelegate.swift */; };
		E1E5D0792B8A177500B0B5B3 /* SceneDelegate.swift in Sources */ = {isa = PBXBuildFile; fileRef = E1E5D0782B8A177500B0B5B3 /* SceneDelegate.swift */; };
		E1E5D07B2B8A177500B0B5B3 /* HomeVC.swift in Sources */ = {isa = PBXBuildFile; fileRef = E1E5D07A2B8A177500B0B5B3 /* HomeVC.swift */; };
		E1E5D0802B8A177600B0B5B3 /* Assets.xcassets in Resources */ = {isa = PBXBuildFile; fileRef = E1E5D07F2B8A177600B0B5B3 /* Assets.xcassets */; };
		E1E5D0832B8A177600B0B5B3 /* LaunchScreen.storyboard in Resources */ = {isa = PBXBuildFile; fileRef = E1E5D0812B8A177600B0B5B3 /* LaunchScreen.storyboard */; };
		E1E5D08E2B8A177600B0B5B3 /* ExploreFoodsTests.swift in Sources */ = {isa = PBXBuildFile; fileRef = E1E5D08D2B8A177600B0B5B3 /* ExploreFoodsTests.swift */; };
		E1E5D0982B8A177600B0B5B3 /* ExploreFoodsUITests.swift in Sources */ = {isa = PBXBuildFile; fileRef = E1E5D0972B8A177600B0B5B3 /* ExploreFoodsUITests.swift */; };
		E1E5D09A2B8A177600B0B5B3 /* ExploreFoodsUITestsLaunchTests.swift in Sources */ = {isa = PBXBuildFile; fileRef = E1E5D0992B8A177600B0B5B3 /* ExploreFoodsUITestsLaunchTests.swift */; };
		E1E5D0AD2B8A19E100B0B5B3 /* Constants.swift in Sources */ = {isa = PBXBuildFile; fileRef = E1E5D0AC2B8A19E100B0B5B3 /* Constants.swift */; };
		E1E5D0AF2B8A1B2F00B0B5B3 /* UIView+Extension.swift in Sources */ = {isa = PBXBuildFile; fileRef = E1E5D0AE2B8A1B2F00B0B5B3 /* UIView+Extension.swift */; };
		E1E5D0B12B8A215300B0B5B3 /* WelcomeVC.swift in Sources */ = {isa = PBXBuildFile; fileRef = E1E5D0B02B8A215300B0B5B3 /* WelcomeVC.swift */; };
		E1E5D0B32B8A383C00B0B5B3 /* RegisterVC.swift in Sources */ = {isa = PBXBuildFile; fileRef = E1E5D0B22B8A383C00B0B5B3 /* RegisterVC.swift */; };
		E1E5D0B52B8A384500B0B5B3 /* LoginVC.swift in Sources */ = {isa = PBXBuildFile; fileRef = E1E5D0B42B8A384500B0B5B3 /* LoginVC.swift */; };
		E1F8F6C12B98966700AA2846 /* CountryTableViewCell.swift in Sources */ = {isa = PBXBuildFile; fileRef = E1F8F6C02B98966700AA2846 /* CountryTableViewCell.swift */; };
		E1F8F6C52B98967C00AA2846 /* CategoriesTableViewCell.swift in Sources */ = {isa = PBXBuildFile; fileRef = E1F8F6C42B98967C00AA2846 /* CategoriesTableViewCell.swift */; };
		E1F8F6C72B98968A00AA2846 /* DessertTableViewCell.swift in Sources */ = {isa = PBXBuildFile; fileRef = E1F8F6C62B98968A00AA2846 /* DessertTableViewCell.swift */; };
/* End PBXBuildFile section */

/* Begin PBXContainerItemProxy section */
		E1E5D08A2B8A177600B0B5B3 /* PBXContainerItemProxy */ = {
			isa = PBXContainerItemProxy;
			containerPortal = E1E5D06B2B8A177500B0B5B3 /* Project object */;
			proxyType = 1;
			remoteGlobalIDString = E1E5D0722B8A177500B0B5B3;
			remoteInfo = ExploreFoods;
		};
		E1E5D0942B8A177600B0B5B3 /* PBXContainerItemProxy */ = {
			isa = PBXContainerItemProxy;
			containerPortal = E1E5D06B2B8A177500B0B5B3 /* Project object */;
			proxyType = 1;
			remoteGlobalIDString = E1E5D0722B8A177500B0B5B3;
			remoteInfo = ExploreFoods;
		};
/* End PBXContainerItemProxy section */

/* Begin PBXFileReference section */
		E102BBFF2BA5AE970099CD3F /* NotificationCenter+Extension.swift */ = {isa = PBXFileReference; lastKnownFileType = sourcecode.swift; path = "NotificationCenter+Extension.swift"; sourceTree = "<group>"; };
		E102BC012BA5B58B0099CD3F /* DessertsDetailVC.swift */ = {isa = PBXFileReference; lastKnownFileType = sourcecode.swift; path = DessertsDetailVC.swift; sourceTree = "<group>"; };
		E102BC032BA5B8970099CD3F /* DessertsDetailViewModel.swift */ = {isa = PBXFileReference; lastKnownFileType = sourcecode.swift; path = DessertsDetailViewModel.swift; sourceTree = "<group>"; };
		E10385D52BA0836A00F6DA25 /* CountryDetailVC.swift */ = {isa = PBXFileReference; lastKnownFileType = sourcecode.swift; path = CountryDetailVC.swift; sourceTree = "<group>"; };
		E10385D72BA0898400F6DA25 /* CountryDetailViewModel.swift */ = {isa = PBXFileReference; lastKnownFileType = sourcecode.swift; path = CountryDetailViewModel.swift; sourceTree = "<group>"; };
		E13E85982B9334850099CEF0 /* NetworkManager.swift */ = {isa = PBXFileReference; lastKnownFileType = sourcecode.swift; path = NetworkManager.swift; sourceTree = "<group>"; };
		E13E859A2B93390C0099CEF0 /* Model.swift */ = {isa = PBXFileReference; lastKnownFileType = sourcecode.swift; path = Model.swift; sourceTree = "<group>"; };
		E13E859F2B933DE10099CEF0 /* APIEndpoint.swift */ = {isa = PBXFileReference; lastKnownFileType = sourcecode.swift; path = APIEndpoint.swift; sourceTree = "<group>"; };
		E13E85A12B9342D00099CEF0 /* HomeViewModel.swift */ = {isa = PBXFileReference; lastKnownFileType = sourcecode.swift; path = HomeViewModel.swift; sourceTree = "<group>"; };
		E13E85A62B9361100099CEF0 /* CountryCollectionViewCell.swift */ = {isa = PBXFileReference; lastKnownFileType = sourcecode.swift; path = CountryCollectionViewCell.swift; sourceTree = "<group>"; };
		E160424E2B8F591F007C10D2 /* AuthManager.swift */ = {isa = PBXFileReference; lastKnownFileType = sourcecode.swift; path = AuthManager.swift; sourceTree = "<group>"; };
		E16042502B8F8214007C10D2 /* LoginViewModel.swift */ = {isa = PBXFileReference; lastKnownFileType = sourcecode.swift; path = LoginViewModel.swift; sourceTree = "<group>"; };
		E16478342B8CEAC60013BD39 /* RegisterViewModel.swift */ = {isa = PBXFileReference; lastKnownFileType = sourcecode.swift; path = RegisterViewModel.swift; sourceTree = "<group>"; };
		E16478362B8CEDDE0013BD39 /* SpinnerView.swift */ = {isa = PBXFileReference; lastKnownFileType = sourcecode.swift; path = SpinnerView.swift; sourceTree = "<group>"; };
		E16478382B8CF0480013BD39 /* UIViewController+Extension.swift */ = {isa = PBXFileReference; lastKnownFileType = sourcecode.swift; path = "UIViewController+Extension.swift"; sourceTree = "<group>"; };
		E1677F4E2BA1F14A007ED8B5 /* CountryDetailTableViewCell.swift */ = {isa = PBXFileReference; lastKnownFileType = sourcecode.swift; path = CountryDetailTableViewCell.swift; sourceTree = "<group>"; };
		E1677F502BA1FDFA007ED8B5 /* CategoryDetailVC.swift */ = {isa = PBXFileReference; lastKnownFileType = sourcecode.swift; path = CategoryDetailVC.swift; sourceTree = "<group>"; };
		E17744FE2BA87D6400C72050 /* CountryDetailCollectionViewCell.swift */ = {isa = PBXFileReference; lastKnownFileType = sourcecode.swift; path = CountryDetailCollectionViewCell.swift; sourceTree = "<group>"; };
		E18258842B8CE269006A784D /* GoogleService-Info.plist */ = {isa = PBXFileReference; fileEncoding = 4; lastKnownFileType = text.plist.xml; path = "GoogleService-Info.plist"; sourceTree = "<group>"; };
		E1BDD0D02B9F5CD100C7678B /* ImageLoader.swift */ = {isa = PBXFileReference; lastKnownFileType = sourcecode.swift; path = ImageLoader.swift; sourceTree = "<group>"; };
		E1C32C8D2BA37523005483BF /* UILabel+Extension.swift */ = {isa = PBXFileReference; lastKnownFileType = sourcecode.swift; path = "UILabel+Extension.swift"; sourceTree = "<group>"; };
		E1D9750D2B94A0BF009AACD9 /* CategoriesCollectionViewCell.swift */ = {isa = PBXFileReference; lastKnownFileType = sourcecode.swift; path = CategoriesCollectionViewCell.swift; sourceTree = "<group>"; };
		E1D975112B94A0FE009AACD9 /* DessertCollectionViewCell.swift */ = {isa = PBXFileReference; lastKnownFileType = sourcecode.swift; path = DessertCollectionViewCell.swift; sourceTree = "<group>"; };
		E1E5D0732B8A177500B0B5B3 /* ExploreFoods.app */ = {isa = PBXFileReference; explicitFileType = wrapper.application; includeInIndex = 0; path = ExploreFoods.app; sourceTree = BUILT_PRODUCTS_DIR; };
		E1E5D0762B8A177500B0B5B3 /* AppDelegate.swift */ = {isa = PBXFileReference; lastKnownFileType = sourcecode.swift; path = AppDelegate.swift; sourceTree = "<group>"; };
		E1E5D0782B8A177500B0B5B3 /* SceneDelegate.swift */ = {isa = PBXFileReference; lastKnownFileType = sourcecode.swift; path = SceneDelegate.swift; sourceTree = "<group>"; };
		E1E5D07A2B8A177500B0B5B3 /* HomeVC.swift */ = {isa = PBXFileReference; lastKnownFileType = sourcecode.swift; path = HomeVC.swift; sourceTree = "<group>"; };
		E1E5D07F2B8A177600B0B5B3 /* Assets.xcassets */ = {isa = PBXFileReference; lastKnownFileType = folder.assetcatalog; path = Assets.xcassets; sourceTree = "<group>"; };
		E1E5D0822B8A177600B0B5B3 /* Base */ = {isa = PBXFileReference; lastKnownFileType = file.storyboard; name = Base; path = Base.lproj/LaunchScreen.storyboard; sourceTree = "<group>"; };
		E1E5D0842B8A177600B0B5B3 /* Info.plist */ = {isa = PBXFileReference; lastKnownFileType = text.plist.xml; path = Info.plist; sourceTree = "<group>"; };
		E1E5D0892B8A177600B0B5B3 /* ExploreFoodsTests.xctest */ = {isa = PBXFileReference; explicitFileType = wrapper.cfbundle; includeInIndex = 0; path = ExploreFoodsTests.xctest; sourceTree = BUILT_PRODUCTS_DIR; };
		E1E5D08D2B8A177600B0B5B3 /* ExploreFoodsTests.swift */ = {isa = PBXFileReference; lastKnownFileType = sourcecode.swift; path = ExploreFoodsTests.swift; sourceTree = "<group>"; };
		E1E5D0932B8A177600B0B5B3 /* ExploreFoodsUITests.xctest */ = {isa = PBXFileReference; explicitFileType = wrapper.cfbundle; includeInIndex = 0; path = ExploreFoodsUITests.xctest; sourceTree = BUILT_PRODUCTS_DIR; };
		E1E5D0972B8A177600B0B5B3 /* ExploreFoodsUITests.swift */ = {isa = PBXFileReference; lastKnownFileType = sourcecode.swift; path = ExploreFoodsUITests.swift; sourceTree = "<group>"; };
		E1E5D0992B8A177600B0B5B3 /* ExploreFoodsUITestsLaunchTests.swift */ = {isa = PBXFileReference; lastKnownFileType = sourcecode.swift; path = ExploreFoodsUITestsLaunchTests.swift; sourceTree = "<group>"; };
		E1E5D0AC2B8A19E100B0B5B3 /* Constants.swift */ = {isa = PBXFileReference; lastKnownFileType = sourcecode.swift; path = Constants.swift; sourceTree = "<group>"; };
		E1E5D0AE2B8A1B2F00B0B5B3 /* UIView+Extension.swift */ = {isa = PBXFileReference; lastKnownFileType = sourcecode.swift; path = "UIView+Extension.swift"; sourceTree = "<group>"; };
		E1E5D0B02B8A215300B0B5B3 /* WelcomeVC.swift */ = {isa = PBXFileReference; lastKnownFileType = sourcecode.swift; path = WelcomeVC.swift; sourceTree = "<group>"; };
		E1E5D0B22B8A383C00B0B5B3 /* RegisterVC.swift */ = {isa = PBXFileReference; lastKnownFileType = sourcecode.swift; path = RegisterVC.swift; sourceTree = "<group>"; };
		E1E5D0B42B8A384500B0B5B3 /* LoginVC.swift */ = {isa = PBXFileReference; lastKnownFileType = sourcecode.swift; path = LoginVC.swift; sourceTree = "<group>"; };
		E1F8F6C02B98966700AA2846 /* CountryTableViewCell.swift */ = {isa = PBXFileReference; lastKnownFileType = sourcecode.swift; path = CountryTableViewCell.swift; sourceTree = "<group>"; };
		E1F8F6C42B98967C00AA2846 /* CategoriesTableViewCell.swift */ = {isa = PBXFileReference; lastKnownFileType = sourcecode.swift; path = CategoriesTableViewCell.swift; sourceTree = "<group>"; };
		E1F8F6C62B98968A00AA2846 /* DessertTableViewCell.swift */ = {isa = PBXFileReference; lastKnownFileType = sourcecode.swift; path = DessertTableViewCell.swift; sourceTree = "<group>"; };
/* End PBXFileReference section */

/* Begin PBXFrameworksBuildPhase section */
		E1E5D0702B8A177500B0B5B3 /* Frameworks */ = {
			isa = PBXFrameworksBuildPhase;
			buildActionMask = 2147483647;
			files = (
				E16478332B8CE8160013BD39 /* FirebaseAuth in Frameworks */,
				E13E859E2B933C650099CEF0 /* Alamofire in Frameworks */,
			);
			runOnlyForDeploymentPostprocessing = 0;
		};
		E1E5D0862B8A177600B0B5B3 /* Frameworks */ = {
			isa = PBXFrameworksBuildPhase;
			buildActionMask = 2147483647;
			files = (
			);
			runOnlyForDeploymentPostprocessing = 0;
		};
		E1E5D0902B8A177600B0B5B3 /* Frameworks */ = {
			isa = PBXFrameworksBuildPhase;
			buildActionMask = 2147483647;
			files = (
			);
			runOnlyForDeploymentPostprocessing = 0;
		};
/* End PBXFrameworksBuildPhase section */

/* Begin PBXGroup section */
		E13E85A32B934DF00099CEF0 /* Cells */ = {
			isa = PBXGroup;
			children = (
				E1F8F6BF2B98964B00AA2846 /* CollectionView */,
				E1F8F6BE2B98963E00AA2846 /* TableView */,
			);
			path = Cells;
			sourceTree = "<group>";
		};
		E1E5D06A2B8A177500B0B5B3 = {
			isa = PBXGroup;
			children = (
				E1E5D0752B8A177500B0B5B3 /* ExploreFoods */,
				E1E5D08C2B8A177600B0B5B3 /* ExploreFoodsTests */,
				E1E5D0962B8A177600B0B5B3 /* ExploreFoodsUITests */,
				E1E5D0742B8A177500B0B5B3 /* Products */,
			);
			sourceTree = "<group>";
		};
		E1E5D0742B8A177500B0B5B3 /* Products */ = {
			isa = PBXGroup;
			children = (
				E1E5D0732B8A177500B0B5B3 /* ExploreFoods.app */,
				E1E5D0892B8A177600B0B5B3 /* ExploreFoodsTests.xctest */,
				E1E5D0932B8A177600B0B5B3 /* ExploreFoodsUITests.xctest */,
			);
			name = Products;
			sourceTree = "<group>";
		};
		E1E5D0752B8A177500B0B5B3 /* ExploreFoods */ = {
			isa = PBXGroup;
			children = (
				E1E5D0A92B8A17AA00B0B5B3 /* Managers */,
				E1E5D0A62B8A179200B0B5B3 /* Model */,
				E1E5D0A72B8A179800B0B5B3 /* Views */,
				E1E5D0A82B8A179F00B0B5B3 /* ViewModels */,
				E1E5D0AB2B8A199B00B0B5B3 /* Resources */,
				E1E5D0AA2B8A17B300B0B5B3 /* Support */,
				E1E5D0842B8A177600B0B5B3 /* Info.plist */,
				E18258842B8CE269006A784D /* GoogleService-Info.plist */,
			);
			path = ExploreFoods;
			sourceTree = "<group>";
		};
		E1E5D08C2B8A177600B0B5B3 /* ExploreFoodsTests */ = {
			isa = PBXGroup;
			children = (
				E1E5D08D2B8A177600B0B5B3 /* ExploreFoodsTests.swift */,
			);
			path = ExploreFoodsTests;
			sourceTree = "<group>";
		};
		E1E5D0962B8A177600B0B5B3 /* ExploreFoodsUITests */ = {
			isa = PBXGroup;
			children = (
				E1E5D0972B8A177600B0B5B3 /* ExploreFoodsUITests.swift */,
				E1E5D0992B8A177600B0B5B3 /* ExploreFoodsUITestsLaunchTests.swift */,
			);
			path = ExploreFoodsUITests;
			sourceTree = "<group>";
		};
		E1E5D0A62B8A179200B0B5B3 /* Model */ = {
			isa = PBXGroup;
			children = (
				E13E859A2B93390C0099CEF0 /* Model.swift */,
			);
			path = Model;
			sourceTree = "<group>";
		};
		E1E5D0A72B8A179800B0B5B3 /* Views */ = {
			isa = PBXGroup;
			children = (
				E1E5D07A2B8A177500B0B5B3 /* HomeVC.swift */,
				E1E5D0B02B8A215300B0B5B3 /* WelcomeVC.swift */,
				E1E5D0B22B8A383C00B0B5B3 /* RegisterVC.swift */,
				E1E5D0B42B8A384500B0B5B3 /* LoginVC.swift */,
				E10385D52BA0836A00F6DA25 /* CountryDetailVC.swift */,
				E1677F502BA1FDFA007ED8B5 /* CategoryDetailVC.swift */,
				E102BC012BA5B58B0099CD3F /* DessertsDetailVC.swift */,
				E16478362B8CEDDE0013BD39 /* SpinnerView.swift */,
				E13E85A32B934DF00099CEF0 /* Cells */,
			);
			path = Views;
			sourceTree = "<group>";
		};
		E1E5D0A82B8A179F00B0B5B3 /* ViewModels */ = {
			isa = PBXGroup;
			children = (
				E13E85A12B9342D00099CEF0 /* HomeViewModel.swift */,
				E16478342B8CEAC60013BD39 /* RegisterViewModel.swift */,
				E16042502B8F8214007C10D2 /* LoginViewModel.swift */,
				E10385D72BA0898400F6DA25 /* CountryDetailViewModel.swift */,
				E102BC032BA5B8970099CD3F /* DessertsDetailViewModel.swift */,
			);
			path = ViewModels;
			sourceTree = "<group>";
		};
		E1E5D0A92B8A17AA00B0B5B3 /* Managers */ = {
			isa = PBXGroup;
			children = (
				E160424E2B8F591F007C10D2 /* AuthManager.swift */,
				E13E85982B9334850099CEF0 /* NetworkManager.swift */,
				E1BDD0D02B9F5CD100C7678B /* ImageLoader.swift */,
				E13E859F2B933DE10099CEF0 /* APIEndpoint.swift */,
			);
			path = Managers;
			sourceTree = "<group>";
		};
		E1E5D0AA2B8A17B300B0B5B3 /* Support */ = {
			isa = PBXGroup;
			children = (
				E1E5D0762B8A177500B0B5B3 /* AppDelegate.swift */,
				E1E5D0782B8A177500B0B5B3 /* SceneDelegate.swift */,
				E1E5D0812B8A177600B0B5B3 /* LaunchScreen.storyboard */,
				E1E5D07F2B8A177600B0B5B3 /* Assets.xcassets */,
			);
			path = Support;
			sourceTree = "<group>";
		};
		E1E5D0AB2B8A199B00B0B5B3 /* Resources */ = {
			isa = PBXGroup;
			children = (
				E1E5D0AC2B8A19E100B0B5B3 /* Constants.swift */,
				E1E5D0AE2B8A1B2F00B0B5B3 /* UIView+Extension.swift */,
				E16478382B8CF0480013BD39 /* UIViewController+Extension.swift */,
				E1C32C8D2BA37523005483BF /* UILabel+Extension.swift */,
				E102BBFF2BA5AE970099CD3F /* NotificationCenter+Extension.swift */,
			);
			path = Resources;
			sourceTree = "<group>";
		};
		E1F8F6BE2B98963E00AA2846 /* TableView */ = {
			isa = PBXGroup;
			children = (
				E1F8F6C02B98966700AA2846 /* CountryTableViewCell.swift */,
				E1F8F6C42B98967C00AA2846 /* CategoriesTableViewCell.swift */,
				E1F8F6C62B98968A00AA2846 /* DessertTableViewCell.swift */,
				E1677F4E2BA1F14A007ED8B5 /* CountryDetailTableViewCell.swift */,
			);
			path = TableView;
			sourceTree = "<group>";
		};
		E1F8F6BF2B98964B00AA2846 /* CollectionView */ = {
			isa = PBXGroup;
			children = (
				E13E85A62B9361100099CEF0 /* CountryCollectionViewCell.swift */,
				E1D9750D2B94A0BF009AACD9 /* CategoriesCollectionViewCell.swift */,
				E1D975112B94A0FE009AACD9 /* DessertCollectionViewCell.swift */,
				E17744FE2BA87D6400C72050 /* CountryDetailCollectionViewCell.swift */,
			);
			path = CollectionView;
			sourceTree = "<group>";
		};
/* End PBXGroup section */

/* Begin PBXNativeTarget section */
		E1E5D0722B8A177500B0B5B3 /* ExploreFoods */ = {
			isa = PBXNativeTarget;
			buildConfigurationList = E1E5D09D2B8A177600B0B5B3 /* Build configuration list for PBXNativeTarget "ExploreFoods" */;
			buildPhases = (
				E1E5D06F2B8A177500B0B5B3 /* Sources */,
				E1E5D0702B8A177500B0B5B3 /* Frameworks */,
				E1E5D0712B8A177500B0B5B3 /* Resources */,
			);
			buildRules = (
			);
			dependencies = (
			);
			name = ExploreFoods;
			packageProductDependencies = (
				E16478322B8CE8160013BD39 /* FirebaseAuth */,
				E13E859D2B933C650099CEF0 /* Alamofire */,
			);
			productName = ExploreFoods;
			productReference = E1E5D0732B8A177500B0B5B3 /* ExploreFoods.app */;
			productType = "com.apple.product-type.application";
		};
		E1E5D0882B8A177600B0B5B3 /* ExploreFoodsTests */ = {
			isa = PBXNativeTarget;
			buildConfigurationList = E1E5D0A02B8A177600B0B5B3 /* Build configuration list for PBXNativeTarget "ExploreFoodsTests" */;
			buildPhases = (
				E1E5D0852B8A177600B0B5B3 /* Sources */,
				E1E5D0862B8A177600B0B5B3 /* Frameworks */,
				E1E5D0872B8A177600B0B5B3 /* Resources */,
			);
			buildRules = (
			);
			dependencies = (
				E1E5D08B2B8A177600B0B5B3 /* PBXTargetDependency */,
			);
			name = ExploreFoodsTests;
			productName = ExploreFoodsTests;
			productReference = E1E5D0892B8A177600B0B5B3 /* ExploreFoodsTests.xctest */;
			productType = "com.apple.product-type.bundle.unit-test";
		};
		E1E5D0922B8A177600B0B5B3 /* ExploreFoodsUITests */ = {
			isa = PBXNativeTarget;
			buildConfigurationList = E1E5D0A32B8A177600B0B5B3 /* Build configuration list for PBXNativeTarget "ExploreFoodsUITests" */;
			buildPhases = (
				E1E5D08F2B8A177600B0B5B3 /* Sources */,
				E1E5D0902B8A177600B0B5B3 /* Frameworks */,
				E1E5D0912B8A177600B0B5B3 /* Resources */,
			);
			buildRules = (
			);
			dependencies = (
				E1E5D0952B8A177600B0B5B3 /* PBXTargetDependency */,
			);
			name = ExploreFoodsUITests;
			productName = ExploreFoodsUITests;
			productReference = E1E5D0932B8A177600B0B5B3 /* ExploreFoodsUITests.xctest */;
			productType = "com.apple.product-type.bundle.ui-testing";
		};
/* End PBXNativeTarget section */

/* Begin PBXProject section */
		E1E5D06B2B8A177500B0B5B3 /* Project object */ = {
			isa = PBXProject;
			attributes = {
				BuildIndependentTargetsInParallel = 1;
				LastSwiftUpdateCheck = 1520;
				LastUpgradeCheck = 1520;
				TargetAttributes = {
					E1E5D0722B8A177500B0B5B3 = {
						CreatedOnToolsVersion = 15.2;
					};
					E1E5D0882B8A177600B0B5B3 = {
						CreatedOnToolsVersion = 15.2;
						TestTargetID = E1E5D0722B8A177500B0B5B3;
					};
					E1E5D0922B8A177600B0B5B3 = {
						CreatedOnToolsVersion = 15.2;
						TestTargetID = E1E5D0722B8A177500B0B5B3;
					};
				};
			};
			buildConfigurationList = E1E5D06E2B8A177500B0B5B3 /* Build configuration list for PBXProject "ExploreFoods" */;
			compatibilityVersion = "Xcode 14.0";
			developmentRegion = en;
			hasScannedForEncodings = 0;
			knownRegions = (
				en,
				Base,
			);
			mainGroup = E1E5D06A2B8A177500B0B5B3;
			packageReferences = (
				E16478312B8CE8150013BD39 /* XCRemoteSwiftPackageReference "firebase-ios-sdk" */,
				E13E859C2B933C650099CEF0 /* XCRemoteSwiftPackageReference "Alamofire" */,
			);
			productRefGroup = E1E5D0742B8A177500B0B5B3 /* Products */;
			projectDirPath = "";
			projectRoot = "";
			targets = (
				E1E5D0722B8A177500B0B5B3 /* ExploreFoods */,
				E1E5D0882B8A177600B0B5B3 /* ExploreFoodsTests */,
				E1E5D0922B8A177600B0B5B3 /* ExploreFoodsUITests */,
			);
		};
/* End PBXProject section */

/* Begin PBXResourcesBuildPhase section */
		E1E5D0712B8A177500B0B5B3 /* Resources */ = {
			isa = PBXResourcesBuildPhase;
			buildActionMask = 2147483647;
			files = (
				E1E5D0832B8A177600B0B5B3 /* LaunchScreen.storyboard in Resources */,
				E1E5D0802B8A177600B0B5B3 /* Assets.xcassets in Resources */,
				E18258852B8CE269006A784D /* GoogleService-Info.plist in Resources */,
			);
			runOnlyForDeploymentPostprocessing = 0;
		};
		E1E5D0872B8A177600B0B5B3 /* Resources */ = {
			isa = PBXResourcesBuildPhase;
			buildActionMask = 2147483647;
			files = (
			);
			runOnlyForDeploymentPostprocessing = 0;
		};
		E1E5D0912B8A177600B0B5B3 /* Resources */ = {
			isa = PBXResourcesBuildPhase;
			buildActionMask = 2147483647;
			files = (
			);
			runOnlyForDeploymentPostprocessing = 0;
		};
/* End PBXResourcesBuildPhase section */

/* Begin PBXSourcesBuildPhase section */
		E1E5D06F2B8A177500B0B5B3 /* Sources */ = {
			isa = PBXSourcesBuildPhase;
			buildActionMask = 2147483647;
			files = (
				E13E85A22B9342D00099CEF0 /* HomeViewModel.swift in Sources */,
				E13E859B2B93390C0099CEF0 /* Model.swift in Sources */,
				E1E5D07B2B8A177500B0B5B3 /* HomeVC.swift in Sources */,
				E13E85A72B9361100099CEF0 /* CountryCollectionViewCell.swift in Sources */,
				E17744FF2BA87D6400C72050 /* CountryDetailCollectionViewCell.swift in Sources */,
				E102BC042BA5B8970099CD3F /* DessertsDetailViewModel.swift in Sources */,
				E160424F2B8F591F007C10D2 /* AuthManager.swift in Sources */,
				E1F8F6C52B98967C00AA2846 /* CategoriesTableViewCell.swift in Sources */,
				E1C32C8E2BA37523005483BF /* UILabel+Extension.swift in Sources */,
				E16478392B8CF0480013BD39 /* UIViewController+Extension.swift in Sources */,
				E1E5D0772B8A177500B0B5B3 /* AppDelegate.swift in Sources */,
				E1E5D0B52B8A384500B0B5B3 /* LoginVC.swift in Sources */,
				E1E5D0792B8A177500B0B5B3 /* SceneDelegate.swift in Sources */,
				E13E85A02B933DE10099CEF0 /* APIEndpoint.swift in Sources */,
				E1E5D0B12B8A215300B0B5B3 /* WelcomeVC.swift in Sources */,
				E1677F4F2BA1F14A007ED8B5 /* CountryDetailTableViewCell.swift in Sources */,
				E1677F512BA1FDFA007ED8B5 /* CategoryDetailVC.swift in Sources */,
				E102BC022BA5B58B0099CD3F /* DessertsDetailVC.swift in Sources */,
				E1D975122B94A0FE009AACD9 /* DessertCollectionViewCell.swift in Sources */,
				E1E5D0B32B8A383C00B0B5B3 /* RegisterVC.swift in Sources */,
				E102BC002BA5AE970099CD3F /* NotificationCenter+Extension.swift in Sources */,
				E10385D82BA0898400F6DA25 /* CountryDetailViewModel.swift in Sources */,
				E1BDD0D12B9F5CD100C7678B /* ImageLoader.swift in Sources */,
				E16042512B8F8214007C10D2 /* LoginViewModel.swift in Sources */,
				E1D9750E2B94A0BF009AACD9 /* CategoriesCollectionViewCell.swift in Sources */,
				E16478372B8CEDDE0013BD39 /* SpinnerView.swift in Sources */,
				E13E85992B9334850099CEF0 /* NetworkManager.swift in Sources */,
				E1E5D0AF2B8A1B2F00B0B5B3 /* UIView+Extension.swift in Sources */,
				E1F8F6C12B98966700AA2846 /* CountryTableViewCell.swift in Sources */,
				E16478352B8CEAC60013BD39 /* RegisterViewModel.swift in Sources */,
				E1E5D0AD2B8A19E100B0B5B3 /* Constants.swift in Sources */,
				E10385D62BA0836A00F6DA25 /* CountryDetailVC.swift in Sources */,
				E1F8F6C72B98968A00AA2846 /* DessertTableViewCell.swift in Sources */,
			);
			runOnlyForDeploymentPostprocessing = 0;
		};
		E1E5D0852B8A177600B0B5B3 /* Sources */ = {
			isa = PBXSourcesBuildPhase;
			buildActionMask = 2147483647;
			files = (
				E1E5D08E2B8A177600B0B5B3 /* ExploreFoodsTests.swift in Sources */,
			);
			runOnlyForDeploymentPostprocessing = 0;
		};
		E1E5D08F2B8A177600B0B5B3 /* Sources */ = {
			isa = PBXSourcesBuildPhase;
			buildActionMask = 2147483647;
			files = (
				E1E5D09A2B8A177600B0B5B3 /* ExploreFoodsUITestsLaunchTests.swift in Sources */,
				E1E5D0982B8A177600B0B5B3 /* ExploreFoodsUITests.swift in Sources */,
			);
			runOnlyForDeploymentPostprocessing = 0;
		};
/* End PBXSourcesBuildPhase section */

/* Begin PBXTargetDependency section */
		E1E5D08B2B8A177600B0B5B3 /* PBXTargetDependency */ = {
			isa = PBXTargetDependency;
			target = E1E5D0722B8A177500B0B5B3 /* ExploreFoods */;
			targetProxy = E1E5D08A2B8A177600B0B5B3 /* PBXContainerItemProxy */;
		};
		E1E5D0952B8A177600B0B5B3 /* PBXTargetDependency */ = {
			isa = PBXTargetDependency;
			target = E1E5D0722B8A177500B0B5B3 /* ExploreFoods */;
			targetProxy = E1E5D0942B8A177600B0B5B3 /* PBXContainerItemProxy */;
		};
/* End PBXTargetDependency section */

/* Begin PBXVariantGroup section */
		E1E5D0812B8A177600B0B5B3 /* LaunchScreen.storyboard */ = {
			isa = PBXVariantGroup;
			children = (
				E1E5D0822B8A177600B0B5B3 /* Base */,
			);
			name = LaunchScreen.storyboard;
			sourceTree = "<group>";
		};
/* End PBXVariantGroup section */

/* Begin XCBuildConfiguration section */
		E1E5D09B2B8A177600B0B5B3 /* Debug */ = {
			isa = XCBuildConfiguration;
			buildSettings = {
				ALWAYS_SEARCH_USER_PATHS = NO;
				ASSETCATALOG_COMPILER_GENERATE_SWIFT_ASSET_SYMBOL_EXTENSIONS = YES;
				CLANG_ANALYZER_NONNULL = YES;
				CLANG_ANALYZER_NUMBER_OBJECT_CONVERSION = YES_AGGRESSIVE;
				CLANG_CXX_LANGUAGE_STANDARD = "gnu++20";
				CLANG_ENABLE_MODULES = YES;
				CLANG_ENABLE_OBJC_ARC = YES;
				CLANG_ENABLE_OBJC_WEAK = YES;
				CLANG_WARN_BLOCK_CAPTURE_AUTORELEASING = YES;
				CLANG_WARN_BOOL_CONVERSION = YES;
				CLANG_WARN_COMMA = YES;
				CLANG_WARN_CONSTANT_CONVERSION = YES;
				CLANG_WARN_DEPRECATED_OBJC_IMPLEMENTATIONS = YES;
				CLANG_WARN_DIRECT_OBJC_ISA_USAGE = YES_ERROR;
				CLANG_WARN_DOCUMENTATION_COMMENTS = YES;
				CLANG_WARN_EMPTY_BODY = YES;
				CLANG_WARN_ENUM_CONVERSION = YES;
				CLANG_WARN_INFINITE_RECURSION = YES;
				CLANG_WARN_INT_CONVERSION = YES;
				CLANG_WARN_NON_LITERAL_NULL_CONVERSION = YES;
				CLANG_WARN_OBJC_IMPLICIT_RETAIN_SELF = YES;
				CLANG_WARN_OBJC_LITERAL_CONVERSION = YES;
				CLANG_WARN_OBJC_ROOT_CLASS = YES_ERROR;
				CLANG_WARN_QUOTED_INCLUDE_IN_FRAMEWORK_HEADER = YES;
				CLANG_WARN_RANGE_LOOP_ANALYSIS = YES;
				CLANG_WARN_STRICT_PROTOTYPES = YES;
				CLANG_WARN_SUSPICIOUS_MOVE = YES;
				CLANG_WARN_UNGUARDED_AVAILABILITY = YES_AGGRESSIVE;
				CLANG_WARN_UNREACHABLE_CODE = YES;
				CLANG_WARN__DUPLICATE_METHOD_MATCH = YES;
				COPY_PHASE_STRIP = NO;
				DEBUG_INFORMATION_FORMAT = dwarf;
				ENABLE_STRICT_OBJC_MSGSEND = YES;
				ENABLE_TESTABILITY = YES;
				ENABLE_USER_SCRIPT_SANDBOXING = YES;
				GCC_C_LANGUAGE_STANDARD = gnu17;
				GCC_DYNAMIC_NO_PIC = NO;
				GCC_NO_COMMON_BLOCKS = YES;
				GCC_OPTIMIZATION_LEVEL = 0;
				GCC_PREPROCESSOR_DEFINITIONS = (
					"DEBUG=1",
					"$(inherited)",
				);
				GCC_WARN_64_TO_32_BIT_CONVERSION = YES;
				GCC_WARN_ABOUT_RETURN_TYPE = YES_ERROR;
				GCC_WARN_UNDECLARED_SELECTOR = YES;
				GCC_WARN_UNINITIALIZED_AUTOS = YES_AGGRESSIVE;
				GCC_WARN_UNUSED_FUNCTION = YES;
				GCC_WARN_UNUSED_VARIABLE = YES;
				IPHONEOS_DEPLOYMENT_TARGET = 17.2;
				LOCALIZATION_PREFERS_STRING_CATALOGS = YES;
				MTL_ENABLE_DEBUG_INFO = INCLUDE_SOURCE;
				MTL_FAST_MATH = YES;
				ONLY_ACTIVE_ARCH = YES;
				SDKROOT = iphoneos;
				SWIFT_ACTIVE_COMPILATION_CONDITIONS = "DEBUG $(inherited)";
				SWIFT_OPTIMIZATION_LEVEL = "-Onone";
			};
			name = Debug;
		};
		E1E5D09C2B8A177600B0B5B3 /* Release */ = {
			isa = XCBuildConfiguration;
			buildSettings = {
				ALWAYS_SEARCH_USER_PATHS = NO;
				ASSETCATALOG_COMPILER_GENERATE_SWIFT_ASSET_SYMBOL_EXTENSIONS = YES;
				CLANG_ANALYZER_NONNULL = YES;
				CLANG_ANALYZER_NUMBER_OBJECT_CONVERSION = YES_AGGRESSIVE;
				CLANG_CXX_LANGUAGE_STANDARD = "gnu++20";
				CLANG_ENABLE_MODULES = YES;
				CLANG_ENABLE_OBJC_ARC = YES;
				CLANG_ENABLE_OBJC_WEAK = YES;
				CLANG_WARN_BLOCK_CAPTURE_AUTORELEASING = YES;
				CLANG_WARN_BOOL_CONVERSION = YES;
				CLANG_WARN_COMMA = YES;
				CLANG_WARN_CONSTANT_CONVERSION = YES;
				CLANG_WARN_DEPRECATED_OBJC_IMPLEMENTATIONS = YES;
				CLANG_WARN_DIRECT_OBJC_ISA_USAGE = YES_ERROR;
				CLANG_WARN_DOCUMENTATION_COMMENTS = YES;
				CLANG_WARN_EMPTY_BODY = YES;
				CLANG_WARN_ENUM_CONVERSION = YES;
				CLANG_WARN_INFINITE_RECURSION = YES;
				CLANG_WARN_INT_CONVERSION = YES;
				CLANG_WARN_NON_LITERAL_NULL_CONVERSION = YES;
				CLANG_WARN_OBJC_IMPLICIT_RETAIN_SELF = YES;
				CLANG_WARN_OBJC_LITERAL_CONVERSION = YES;
				CLANG_WARN_OBJC_ROOT_CLASS = YES_ERROR;
				CLANG_WARN_QUOTED_INCLUDE_IN_FRAMEWORK_HEADER = YES;
				CLANG_WARN_RANGE_LOOP_ANALYSIS = YES;
				CLANG_WARN_STRICT_PROTOTYPES = YES;
				CLANG_WARN_SUSPICIOUS_MOVE = YES;
				CLANG_WARN_UNGUARDED_AVAILABILITY = YES_AGGRESSIVE;
				CLANG_WARN_UNREACHABLE_CODE = YES;
				CLANG_WARN__DUPLICATE_METHOD_MATCH = YES;
				COPY_PHASE_STRIP = NO;
				DEBUG_INFORMATION_FORMAT = "dwarf-with-dsym";
				ENABLE_NS_ASSERTIONS = NO;
				ENABLE_STRICT_OBJC_MSGSEND = YES;
				ENABLE_USER_SCRIPT_SANDBOXING = YES;
				GCC_C_LANGUAGE_STANDARD = gnu17;
				GCC_NO_COMMON_BLOCKS = YES;
				GCC_WARN_64_TO_32_BIT_CONVERSION = YES;
				GCC_WARN_ABOUT_RETURN_TYPE = YES_ERROR;
				GCC_WARN_UNDECLARED_SELECTOR = YES;
				GCC_WARN_UNINITIALIZED_AUTOS = YES_AGGRESSIVE;
				GCC_WARN_UNUSED_FUNCTION = YES;
				GCC_WARN_UNUSED_VARIABLE = YES;
				IPHONEOS_DEPLOYMENT_TARGET = 17.2;
				LOCALIZATION_PREFERS_STRING_CATALOGS = YES;
				MTL_ENABLE_DEBUG_INFO = NO;
				MTL_FAST_MATH = YES;
				SDKROOT = iphoneos;
				SWIFT_COMPILATION_MODE = wholemodule;
				VALIDATE_PRODUCT = YES;
			};
			name = Release;
		};
		E1E5D09E2B8A177600B0B5B3 /* Debug */ = {
			isa = XCBuildConfiguration;
			buildSettings = {
				ASSETCATALOG_COMPILER_APPICON_NAME = AppIcon;
				ASSETCATALOG_COMPILER_GLOBAL_ACCENT_COLOR_NAME = AccentColor;
				CODE_SIGN_STYLE = Automatic;
				CURRENT_PROJECT_VERSION = 1;
				DEVELOPMENT_TEAM = 5U3H44JGNP;
				GENERATE_INFOPLIST_FILE = YES;
				INFOPLIST_FILE = ExploreFoods/Info.plist;
				INFOPLIST_KEY_LSApplicationCategoryType = "public.app-category.food-and-drink";
				INFOPLIST_KEY_UIApplicationSupportsIndirectInputEvents = YES;
				INFOPLIST_KEY_UILaunchStoryboardName = LaunchScreen;
				INFOPLIST_KEY_UISupportedInterfaceOrientations = UIInterfaceOrientationPortrait;
				INFOPLIST_KEY_UISupportedInterfaceOrientations_iPad = "UIInterfaceOrientationLandscapeLeft UIInterfaceOrientationLandscapeRight UIInterfaceOrientationPortrait UIInterfaceOrientationPortraitUpsideDown";
				LD_RUNPATH_SEARCH_PATHS = (
					"$(inherited)",
					"@executable_path/Frameworks",
				);
				MARKETING_VERSION = 1.0;
				PRODUCT_BUNDLE_IDENTIFIER = altankoray.ExploreFoods;
				PRODUCT_NAME = "$(TARGET_NAME)";
				SUPPORTED_PLATFORMS = "iphoneos iphonesimulator";
				SUPPORTS_MACCATALYST = NO;
				SUPPORTS_MAC_DESIGNED_FOR_IPHONE_IPAD = NO;
				SUPPORTS_XR_DESIGNED_FOR_IPHONE_IPAD = NO;
				SWIFT_EMIT_LOC_STRINGS = YES;
				SWIFT_VERSION = 5.0;
				TARGETED_DEVICE_FAMILY = 1;
			};
			name = Debug;
		};
		E1E5D09F2B8A177600B0B5B3 /* Release */ = {
			isa = XCBuildConfiguration;
			buildSettings = {
				ASSETCATALOG_COMPILER_APPICON_NAME = AppIcon;
				ASSETCATALOG_COMPILER_GLOBAL_ACCENT_COLOR_NAME = AccentColor;
				CODE_SIGN_STYLE = Automatic;
				CURRENT_PROJECT_VERSION = 1;
				DEVELOPMENT_TEAM = 5U3H44JGNP;
				GENERATE_INFOPLIST_FILE = YES;
				INFOPLIST_FILE = ExploreFoods/Info.plist;
				INFOPLIST_KEY_LSApplicationCategoryType = "public.app-category.food-and-drink";
				INFOPLIST_KEY_UIApplicationSupportsIndirectInputEvents = YES;
				INFOPLIST_KEY_UILaunchStoryboardName = LaunchScreen;
				INFOPLIST_KEY_UISupportedInterfaceOrientations = UIInterfaceOrientationPortrait;
				INFOPLIST_KEY_UISupportedInterfaceOrientations_iPad = "UIInterfaceOrientationLandscapeLeft UIInterfaceOrientationLandscapeRight UIInterfaceOrientationPortrait UIInterfaceOrientationPortraitUpsideDown";
				LD_RUNPATH_SEARCH_PATHS = (
					"$(inherited)",
					"@executable_path/Frameworks",
				);
				MARKETING_VERSION = 1.0;
				PRODUCT_BUNDLE_IDENTIFIER = altankoray.ExploreFoods;
				PRODUCT_NAME = "$(TARGET_NAME)";
				SUPPORTED_PLATFORMS = "iphoneos iphonesimulator";
				SUPPORTS_MACCATALYST = NO;
				SUPPORTS_MAC_DESIGNED_FOR_IPHONE_IPAD = NO;
				SUPPORTS_XR_DESIGNED_FOR_IPHONE_IPAD = NO;
				SWIFT_EMIT_LOC_STRINGS = YES;
				SWIFT_VERSION = 5.0;
				TARGETED_DEVICE_FAMILY = 1;
			};
			name = Release;
		};
		E1E5D0A12B8A177600B0B5B3 /* Debug */ = {
			isa = XCBuildConfiguration;
			buildSettings = {
				ALWAYS_EMBED_SWIFT_STANDARD_LIBRARIES = YES;
				BUNDLE_LOADER = "$(TEST_HOST)";
				CODE_SIGN_STYLE = Automatic;
				CURRENT_PROJECT_VERSION = 1;
				DEVELOPMENT_TEAM = 5U3H44JGNP;
				GENERATE_INFOPLIST_FILE = YES;
				IPHONEOS_DEPLOYMENT_TARGET = 17.2;
				MARKETING_VERSION = 1.0;
				PRODUCT_BUNDLE_IDENTIFIER = altankoray.ExploreFoodsTests;
				PRODUCT_NAME = "$(TARGET_NAME)";
				SWIFT_EMIT_LOC_STRINGS = NO;
				SWIFT_VERSION = 5.0;
				TARGETED_DEVICE_FAMILY = "1,2";
				TEST_HOST = "$(BUILT_PRODUCTS_DIR)/ExploreFoods.app/$(BUNDLE_EXECUTABLE_FOLDER_PATH)/ExploreFoods";
			};
			name = Debug;
		};
		E1E5D0A22B8A177600B0B5B3 /* Release */ = {
			isa = XCBuildConfiguration;
			buildSettings = {
				ALWAYS_EMBED_SWIFT_STANDARD_LIBRARIES = YES;
				BUNDLE_LOADER = "$(TEST_HOST)";
				CODE_SIGN_STYLE = Automatic;
				CURRENT_PROJECT_VERSION = 1;
				DEVELOPMENT_TEAM = 5U3H44JGNP;
				GENERATE_INFOPLIST_FILE = YES;
				IPHONEOS_DEPLOYMENT_TARGET = 17.2;
				MARKETING_VERSION = 1.0;
				PRODUCT_BUNDLE_IDENTIFIER = altankoray.ExploreFoodsTests;
				PRODUCT_NAME = "$(TARGET_NAME)";
				SWIFT_EMIT_LOC_STRINGS = NO;
				SWIFT_VERSION = 5.0;
				TARGETED_DEVICE_FAMILY = "1,2";
				TEST_HOST = "$(BUILT_PRODUCTS_DIR)/ExploreFoods.app/$(BUNDLE_EXECUTABLE_FOLDER_PATH)/ExploreFoods";
			};
			name = Release;
		};
		E1E5D0A42B8A177600B0B5B3 /* Debug */ = {
			isa = XCBuildConfiguration;
			buildSettings = {
				ALWAYS_EMBED_SWIFT_STANDARD_LIBRARIES = YES;
				CODE_SIGN_STYLE = Automatic;
				CURRENT_PROJECT_VERSION = 1;
				DEVELOPMENT_TEAM = 5U3H44JGNP;
				GENERATE_INFOPLIST_FILE = YES;
				MARKETING_VERSION = 1.0;
				PRODUCT_BUNDLE_IDENTIFIER = altankoray.ExploreFoodsUITests;
				PRODUCT_NAME = "$(TARGET_NAME)";
				SWIFT_EMIT_LOC_STRINGS = NO;
				SWIFT_VERSION = 5.0;
				TARGETED_DEVICE_FAMILY = "1,2";
				TEST_TARGET_NAME = ExploreFoods;
			};
			name = Debug;
		};
		E1E5D0A52B8A177600B0B5B3 /* Release */ = {
			isa = XCBuildConfiguration;
			buildSettings = {
				ALWAYS_EMBED_SWIFT_STANDARD_LIBRARIES = YES;
				CODE_SIGN_STYLE = Automatic;
				CURRENT_PROJECT_VERSION = 1;
				DEVELOPMENT_TEAM = 5U3H44JGNP;
				GENERATE_INFOPLIST_FILE = YES;
				MARKETING_VERSION = 1.0;
				PRODUCT_BUNDLE_IDENTIFIER = altankoray.ExploreFoodsUITests;
				PRODUCT_NAME = "$(TARGET_NAME)";
				SWIFT_EMIT_LOC_STRINGS = NO;
				SWIFT_VERSION = 5.0;
				TARGETED_DEVICE_FAMILY = "1,2";
				TEST_TARGET_NAME = ExploreFoods;
			};
			name = Release;
		};
/* End XCBuildConfiguration section */

/* Begin XCConfigurationList section */
		E1E5D06E2B8A177500B0B5B3 /* Build configuration list for PBXProject "ExploreFoods" */ = {
			isa = XCConfigurationList;
			buildConfigurations = (
				E1E5D09B2B8A177600B0B5B3 /* Debug */,
				E1E5D09C2B8A177600B0B5B3 /* Release */,
			);
			defaultConfigurationIsVisible = 0;
			defaultConfigurationName = Release;
		};
		E1E5D09D2B8A177600B0B5B3 /* Build configuration list for PBXNativeTarget "ExploreFoods" */ = {
			isa = XCConfigurationList;
			buildConfigurations = (
				E1E5D09E2B8A177600B0B5B3 /* Debug */,
				E1E5D09F2B8A177600B0B5B3 /* Release */,
			);
			defaultConfigurationIsVisible = 0;
			defaultConfigurationName = Release;
		};
		E1E5D0A02B8A177600B0B5B3 /* Build configuration list for PBXNativeTarget "ExploreFoodsTests" */ = {
			isa = XCConfigurationList;
			buildConfigurations = (
				E1E5D0A12B8A177600B0B5B3 /* Debug */,
				E1E5D0A22B8A177600B0B5B3 /* Release */,
			);
			defaultConfigurationIsVisible = 0;
			defaultConfigurationName = Release;
		};
		E1E5D0A32B8A177600B0B5B3 /* Build configuration list for PBXNativeTarget "ExploreFoodsUITests" */ = {
			isa = XCConfigurationList;
			buildConfigurations = (
				E1E5D0A42B8A177600B0B5B3 /* Debug */,
				E1E5D0A52B8A177600B0B5B3 /* Release */,
			);
			defaultConfigurationIsVisible = 0;
			defaultConfigurationName = Release;
		};
/* End XCConfigurationList section */

/* Begin XCRemoteSwiftPackageReference section */
		E13E859C2B933C650099CEF0 /* XCRemoteSwiftPackageReference "Alamofire" */ = {
			isa = XCRemoteSwiftPackageReference;
			repositoryURL = "https://github.com/Alamofire/Alamofire.git";
			requirement = {
				kind = upToNextMajorVersion;
				minimumVersion = 5.8.1;
			};
		};
		E16478312B8CE8150013BD39 /* XCRemoteSwiftPackageReference "firebase-ios-sdk" */ = {
			isa = XCRemoteSwiftPackageReference;
			repositoryURL = "https://github.com/firebase/firebase-ios-sdk";
			requirement = {
				kind = upToNextMajorVersion;
				minimumVersion = 10.21.0;
			};
		};
/* End XCRemoteSwiftPackageReference section */

/* Begin XCSwiftPackageProductDependency section */
		E13E859D2B933C650099CEF0 /* Alamofire */ = {
			isa = XCSwiftPackageProductDependency;
			package = E13E859C2B933C650099CEF0 /* XCRemoteSwiftPackageReference "Alamofire" */;
			productName = Alamofire;
		};
		E16478322B8CE8160013BD39 /* FirebaseAuth */ = {
			isa = XCSwiftPackageProductDependency;
			package = E16478312B8CE8150013BD39 /* XCRemoteSwiftPackageReference "firebase-ios-sdk" */;
			productName = FirebaseAuth;
		};
/* End XCSwiftPackageProductDependency section */
	};
	rootObject = E1E5D06B2B8A177500B0B5B3 /* Project object */;
}
